
Microsoft Visual Studio Solution File, Format Version 12.00
# Visual Studio Version 16
VisualStudioVersion = 16.0.30503.244
MinimumVisualStudioVersion = 10.0.40219.1
Project("{9A19103F-16F7-4668-BE54-9A1E7A4F7556}") = "cs-ijson-microservice", "cs-ijson-microservice.csproj", "{AADF116F-CE04-47E0-B079-9934A8EFBBEF}"
EndProject
Global
	GlobalSection(SolutionConfigurationPlatforms) = preSolution
		Debug|Any CPU = Debug|Any CPU
		Release|Any CPU = Release|Any CPU
	EndGlobalSection
	GlobalSection(ProjectConfigurationPlatforms) = postSolution
		{AADF116F-CE04-47E0-B079-9934A8EFBBEF}.Debug|Any CPU.ActiveCfg = Debug|Any CPU
		{AADF116F-CE04-47E0-B079-9934A8EFBBEF}.Debug|Any CPU.Build.0 = Debug|Any CPU
		{AADF116F-CE04-47E0-B079-9934A8EFBBEF}.Release|Any CPU.ActiveCfg = Release|Any CPU
		{AADF116F-CE04-47E0-B079-9934A8EFBBEF}.Release|Any CPU.Build.0 = Release|Any CPU
	EndGlobalSection
	GlobalSection(SolutionProperties) = preSolution
		HideSolutionNode = FALSE
	EndGlobalSection
	GlobalSection(ExtensibilityGlobals) = postSolution
		SolutionGuid = {0B92267D-B022-410C-BE9B-1D6C84D46E3F}
	EndGlobalSection
EndGlobal
